
Microsoft Visual Studio Solution File, Format Version 12.00
# Visual Studio Version 17
VisualStudioVersion = 17.4.33213.308
MinimumVisualStudioVersion = 10.0.40219.1
Project("{FAE04EC0-301F-11D3-BF4B-00C04F79EFBC}") = "ProtocolInterface", "ProtocolInterface\ProtocolInterface.csproj", "{457E2D6C-884E-499F-B78A-9F3CECF08F0C}"
EndProject
Global
	GlobalSection(SolutionConfigurationPlatforms) = preSolution
		Debug|Any CPU = Debug|Any CPU
		Release|Any CPU = Release|Any CPU
	EndGlobalSection
	GlobalSection(ProjectConfigurationPlatforms) = postSolution
		{457E2D6C-884E-499F-B78A-9F3CECF08F0C}.Debug|Any CPU.ActiveCfg = Debug|Any CPU
		{457E2D6C-884E-499F-B78A-9F3CECF08F0C}.Debug|Any CPU.Build.0 = Debug|Any CPU
		{457E2D6C-884E-499F-B78A-9F3CECF08F0C}.Release|Any CPU.ActiveCfg = Release|Any CPU
		{457E2D6C-884E-499F-B78A-9F3CECF08F0C}.Release|Any CPU.Build.0 = Release|Any CPU
	EndGlobalSection
	GlobalSection(SolutionProperties) = preSolution
		HideSolutionNode = FALSE
	EndGlobalSection
	GlobalSection(ExtensibilityGlobals) = postSolution
		SolutionGuid = {17B48344-762D-424F-B58F-574AFC6005D9}
	EndGlobalSection
EndGlobal
